
Microsoft Visual Studio Solution File, Format Version 12.00
# Visual Studio 15
VisualStudioVersion = 15.0.27703.2026
MinimumVisualStudioVersion = 10.0.40219.1
Project("{FAE04EC0-301F-11D3-BF4B-00C04F79EFBC}") = "Tetris.Console", "Tetris.Console\Tetris.Console.csproj", "{78C13F80-1147-42C4-A281-6EC32A4E9AE4}"
EndProject
Global
	GlobalSection(SolutionConfigurationPlatforms) = preSolution
		Debug|Any CPU = Debug|Any CPU
		Release|Any CPU = Release|Any CPU
	EndGlobalSection
	GlobalSection(ProjectConfigurationPlatforms) = postSolution
		{78C13F80-1147-42C4-A281-6EC32A4E9AE4}.Debug|Any CPU.ActiveCfg = Debug|Any CPU
		{78C13F80-1147-42C4-A281-6EC32A4E9AE4}.Debug|Any CPU.Build.0 = Debug|Any CPU
		{78C13F80-1147-42C4-A281-6EC32A4E9AE4}.Release|Any CPU.ActiveCfg = Release|Any CPU
		{78C13F80-1147-42C4-A281-6EC32A4E9AE4}.Release|Any CPU.Build.0 = Release|Any CPU
	EndGlobalSection
	GlobalSection(SolutionProperties) = preSolution
		HideSolutionNode = FALSE
	EndGlobalSection
	GlobalSection(ExtensibilityGlobals) = postSolution
		SolutionGuid = {0ECF7FC3-DEB4-4637-BDE3-ED23661CA5D0}
	EndGlobalSection
EndGlobal
